
Microsoft Visual Studio Solution File, Format Version 12.00
# Visual Studio Version 16
VisualStudioVersion = 16.0.30406.217
MinimumVisualStudioVersion = 10.0.40219.1
Project("{D954291E-2A0B-460D-934E-DC6B0785DB48}") = "LeaderboardUno.Shared", "LeaderboardUno\LeaderboardUno.Shared\LeaderboardUno.Shared.shproj", "{6279C845-92F8-4333-AB99-3D213163593C}"
EndProject
Project("{FAE04EC0-301F-11D3-BF4B-00C04F79EFBC}") = "LeaderboardUno.Droid", "LeaderboardUno\LeaderboardUno.Droid\LeaderboardUno.Droid.csproj", "{34AA1EA9-246D-48A4-9D4E-92824CC1D6A8}"
EndProject
Project("{FAE04EC0-301F-11D3-BF4B-00C04F79EFBC}") = "LeaderboardUno.iOS", "LeaderboardUno\LeaderboardUno.iOS\LeaderboardUno.iOS.csproj", "{FC1A03D5-C4DA-4FA6-B93D-9E3CEFE7C0E8}"
EndProject
Project("{FAE04EC0-301F-11D3-BF4B-00C04F79EFBC}") = "LeaderboardUno.UWP", "LeaderboardUno\LeaderboardUno.UWP\LeaderboardUno.UWP.csproj", "{1A3272D8-9025-4534-9CC5-899293011204}"
EndProject
Project("{9A19103F-16F7-4668-BE54-9A1E7A4F7556}") = "LeaderboardUno.Wasm", "LeaderboardUno\LeaderboardUno.Wasm\LeaderboardUno.Wasm.csproj", "{B13D22C9-DFF7-48A8-AAA7-7D8D67867705}"
EndProject
Project("{FAE04EC0-301F-11D3-BF4B-00C04F79EFBC}") = "LeaderboardUno.macOS", "LeaderboardUno\LeaderboardUno.macOS\LeaderboardUno.macOS.csproj", "{20FD4DDC-EDC5-489B-A2EE-B417FAF957A7}"
EndProject
Global
	GlobalSection(SharedMSBuildProjectFiles) = preSolution
		LeaderboardUno\LeaderboardUno.Shared\LeaderboardUno.Shared.projitems*{1a3272d8-9025-4534-9cc5-899293011204}*SharedItemsImports = 4
		LeaderboardUno\LeaderboardUno.Shared\LeaderboardUno.Shared.projitems*{20fd4ddc-edc5-489b-a2ee-b417faf957a7}*SharedItemsImports = 4
		LeaderboardUno\LeaderboardUno.Shared\LeaderboardUno.Shared.projitems*{34aa1ea9-246d-48a4-9d4e-92824cc1d6a8}*SharedItemsImports = 4
		LeaderboardUno\LeaderboardUno.Shared\LeaderboardUno.Shared.projitems*{6279c845-92f8-4333-ab99-3d213163593c}*SharedItemsImports = 13
		LeaderboardUno\LeaderboardUno.Shared\LeaderboardUno.Shared.projitems*{b13d22c9-dff7-48a8-aaa7-7d8d67867705}*SharedItemsImports = 5
		LeaderboardUno\LeaderboardUno.Shared\LeaderboardUno.Shared.projitems*{fc1a03d5-c4da-4fa6-b93d-9e3cefe7c0e8}*SharedItemsImports = 4
	EndGlobalSection
	GlobalSection(SolutionConfigurationPlatforms) = preSolution
		Ad-Hoc|Any CPU = Ad-Hoc|Any CPU
		Ad-Hoc|ARM = Ad-Hoc|ARM
		Ad-Hoc|ARM64 = Ad-Hoc|ARM64
		Ad-Hoc|iPhone = Ad-Hoc|iPhone
		Ad-Hoc|iPhoneSimulator = Ad-Hoc|iPhoneSimulator
		Ad-Hoc|x64 = Ad-Hoc|x64
		Ad-Hoc|x86 = Ad-Hoc|x86
		AppStore|Any CPU = AppStore|Any CPU
		AppStore|ARM = AppStore|ARM
		AppStore|ARM64 = AppStore|ARM64
		AppStore|iPhone = AppStore|iPhone
		AppStore|iPhoneSimulator = AppStore|iPhoneSimulator
		AppStore|x64 = AppStore|x64
		AppStore|x86 = AppStore|x86
		Debug|Any CPU = Debug|Any CPU
		Debug|ARM = Debug|ARM
		Debug|ARM64 = Debug|ARM64
		Debug|iPhone = Debug|iPhone
		Debug|iPhoneSimulator = Debug|iPhoneSimulator
		Debug|x64 = Debug|x64
		Debug|x86 = Debug|x86
		Release|Any CPU = Release|Any CPU
		Release|ARM = Release|ARM
		Release|ARM64 = Release|ARM64
		Release|iPhone = Release|iPhone
		Release|iPhoneSimulator = Release|iPhoneSimulator
		Release|x64 = Release|x64
		Release|x86 = Release|x86
	EndGlobalSection
	GlobalSection(ProjectConfigurationPlatforms) = postSolution
		{34AA1EA9-246D-48A4-9D4E-92824CC1D6A8}.Ad-Hoc|Any CPU.ActiveCfg = Release|Any CPU
		{34AA1EA9-246D-48A4-9D4E-92824CC1D6A8}.Ad-Hoc|Any CPU.Build.0 = Release|Any CPU
		{34AA1EA9-246D-48A4-9D4E-92824CC1D6A8}.Ad-Hoc|Any CPU.Deploy.0 = Release|Any CPU
		{34AA1EA9-246D-48A4-9D4E-92824CC1D6A8}.Ad-Hoc|ARM.ActiveCfg = Release|Any CPU
		{34AA1EA9-246D-48A4-9D4E-92824CC1D6A8}.Ad-Hoc|ARM.Build.0 = Release|Any CPU
		{34AA1EA9-246D-48A4-9D4E-92824CC1D6A8}.Ad-Hoc|ARM.Deploy.0 = Release|Any CPU
		{34AA1EA9-246D-48A4-9D4E-92824CC1D6A8}.Ad-Hoc|ARM64.ActiveCfg = Release|Any CPU
		{34AA1EA9-246D-48A4-9D4E-92824CC1D6A8}.Ad-Hoc|ARM64.Build.0 = Release|Any CPU
		{34AA1EA9-246D-48A4-9D4E-92824CC1D6A8}.Ad-Hoc|ARM64.Deploy.0 = Release|Any CPU
		{34AA1EA9-246D-48A4-9D4E-92824CC1D6A8}.Ad-Hoc|iPhone.ActiveCfg = Release|Any CPU
		{34AA1EA9-246D-48A4-9D4E-92824CC1D6A8}.Ad-Hoc|iPhone.Build.0 = Release|Any CPU
		{34AA1EA9-246D-48A4-9D4E-92824CC1D6A8}.Ad-Hoc|iPhone.Deploy.0 = Release|Any CPU
		{34AA1EA9-246D-48A4-9D4E-92824CC1D6A8}.Ad-Hoc|iPhoneSimulator.ActiveCfg = Release|Any CPU
		{34AA1EA9-246D-48A4-9D4E-92824CC1D6A8}.Ad-Hoc|iPhoneSimulator.Build.0 = Release|Any CPU
		{34AA1EA9-246D-48A4-9D4E-92824CC1D6A8}.Ad-Hoc|iPhoneSimulator.Deploy.0 = Release|Any CPU
		{34AA1EA9-246D-48A4-9D4E-92824CC1D6A8}.Ad-Hoc|x64.ActiveCfg = Release|Any CPU
		{34AA1EA9-246D-48A4-9D4E-92824CC1D6A8}.Ad-Hoc|x64.Build.0 = Release|Any CPU
		{34AA1EA9-246D-48A4-9D4E-92824CC1D6A8}.Ad-Hoc|x64.Deploy.0 = Release|Any CPU
		{34AA1EA9-246D-48A4-9D4E-92824CC1D6A8}.Ad-Hoc|x86.ActiveCfg = Release|Any CPU
		{34AA1EA9-246D-48A4-9D4E-92824CC1D6A8}.Ad-Hoc|x86.Build.0 = Release|Any CPU
		{34AA1EA9-246D-48A4-9D4E-92824CC1D6A8}.Ad-Hoc|x86.Deploy.0 = Release|Any CPU
		{34AA1EA9-246D-48A4-9D4E-92824CC1D6A8}.AppStore|Any CPU.ActiveCfg = Release|Any CPU
		{34AA1EA9-246D-48A4-9D4E-92824CC1D6A8}.AppStore|Any CPU.Build.0 = Release|Any CPU
		{34AA1EA9-246D-48A4-9D4E-92824CC1D6A8}.AppStore|Any CPU.Deploy.0 = Release|Any CPU
		{34AA1EA9-246D-48A4-9D4E-92824CC1D6A8}.AppStore|ARM.ActiveCfg = Release|Any CPU
		{34AA1EA9-246D-48A4-9D4E-92824CC1D6A8}.AppStore|ARM.Build.0 = Release|Any CPU
		{34AA1EA9-246D-48A4-9D4E-92824CC1D6A8}.AppStore|ARM.Deploy.0 = Release|Any CPU
		{34AA1EA9-246D-48A4-9D4E-92824CC1D6A8}.AppStore|ARM64.ActiveCfg = Release|Any CPU
		{34AA1EA9-246D-48A4-9D4E-92824CC1D6A8}.AppStore|ARM64.Build.0 = Release|Any CPU
		{34AA1EA9-246D-48A4-9D4E-92824CC1D6A8}.AppStore|ARM64.Deploy.0 = Release|Any CPU
		{34AA1EA9-246D-48A4-9D4E-92824CC1D6A8}.AppStore|iPhone.ActiveCfg = Release|Any CPU
		{34AA1EA9-246D-48A4-9D4E-92824CC1D6A8}.AppStore|iPhone.Build.0 = Release|Any CPU
		{34AA1EA9-246D-48A4-9D4E-92824CC1D6A8}.AppStore|iPhone.Deploy.0 = Release|Any CPU
		{34AA1EA9-246D-48A4-9D4E-92824CC1D6A8}.AppStore|iPhoneSimulator.ActiveCfg = Release|Any CPU
		{34AA1EA9-246D-48A4-9D4E-92824CC1D6A8}.AppStore|iPhoneSimulator.Build.0 = Release|Any CPU
		{34AA1EA9-246D-48A4-9D4E-92824CC1D6A8}.AppStore|iPhoneSimulator.Deploy.0 = Release|Any CPU
		{34AA1EA9-246D-48A4-9D4E-92824CC1D6A8}.AppStore|x64.ActiveCfg = Release|Any CPU
		{34AA1EA9-246D-48A4-9D4E-92824CC1D6A8}.AppStore|x64.Build.0 = Release|Any CPU
		{34AA1EA9-246D-48A4-9D4E-92824CC1D6A8}.AppStore|x64.Deploy.0 = Release|Any CPU
		{34AA1EA9-246D-48A4-9D4E-92824CC1D6A8}.AppStore|x86.ActiveCfg = Release|Any CPU
		{34AA1EA9-246D-48A4-9D4E-92824CC1D6A8}.AppStore|x86.Build.0 = Release|Any CPU
		{34AA1EA9-246D-48A4-9D4E-92824CC1D6A8}.AppStore|x86.Deploy.0 = Release|Any CPU
		{34AA1EA9-246D-48A4-9D4E-92824CC1D6A8}.Debug|Any CPU.ActiveCfg = Debug|Any CPU
		{34AA1EA9-246D-48A4-9D4E-92824CC1D6A8}.Debug|Any CPU.Build.0 = Debug|Any CPU
		{34AA1EA9-246D-48A4-9D4E-92824CC1D6A8}.Debug|Any CPU.Deploy.0 = Debug|Any CPU
		{34AA1EA9-246D-48A4-9D4E-92824CC1D6A8}.Debug|ARM.ActiveCfg = Debug|Any CPU
		{34AA1EA9-246D-48A4-9D4E-92824CC1D6A8}.Debug|ARM.Build.0 = Debug|Any CPU
		{34AA1EA9-246D-48A4-9D4E-92824CC1D6A8}.Debug|ARM.Deploy.0 = Debug|Any CPU
		{34AA1EA9-246D-48A4-9D4E-92824CC1D6A8}.Debug|ARM64.ActiveCfg = Debug|Any CPU
		{34AA1EA9-246D-48A4-9D4E-92824CC1D6A8}.Debug|ARM64.Build.0 = Debug|Any CPU
		{34AA1EA9-246D-48A4-9D4E-92824CC1D6A8}.Debug|ARM64.Deploy.0 = Debug|Any CPU
		{34AA1EA9-246D-48A4-9D4E-92824CC1D6A8}.Debug|iPhone.ActiveCfg = Debug|Any CPU
		{34AA1EA9-246D-48A4-9D4E-92824CC1D6A8}.Debug|iPhone.Build.0 = Debug|Any CPU
		{34AA1EA9-246D-48A4-9D4E-92824CC1D6A8}.Debug|iPhone.Deploy.0 = Debug|Any CPU
		{34AA1EA9-246D-48A4-9D4E-92824CC1D6A8}.Debug|iPhoneSimulator.ActiveCfg = Debug|Any CPU
		{34AA1EA9-246D-48A4-9D4E-92824CC1D6A8}.Debug|iPhoneSimulator.Build.0 = Debug|Any CPU
		{34AA1EA9-246D-48A4-9D4E-92824CC1D6A8}.Debug|iPhoneSimulator.Deploy.0 = Debug|Any CPU
		{34AA1EA9-246D-48A4-9D4E-92824CC1D6A8}.Debug|x64.ActiveCfg = Debug|Any CPU
		{34AA1EA9-246D-48A4-9D4E-92824CC1D6A8}.Debug|x64.Build.0 = Debug|Any CPU
		{34AA1EA9-246D-48A4-9D4E-92824CC1D6A8}.Debug|x64.Deploy.0 = Debug|Any CPU
		{34AA1EA9-246D-48A4-9D4E-92824CC1D6A8}.Debug|x86.ActiveCfg = Debug|Any CPU
		{34AA1EA9-246D-48A4-9D4E-92824CC1D6A8}.Debug|x86.Build.0 = Debug|Any CPU
		{34AA1EA9-246D-48A4-9D4E-92824CC1D6A8}.Debug|x86.Deploy.0 = Debug|Any CPU
		{34AA1EA9-246D-48A4-9D4E-92824CC1D6A8}.Release|Any CPU.ActiveCfg = Release|Any CPU
		{34AA1EA9-246D-48A4-9D4E-92824CC1D6A8}.Release|Any CPU.Build.0 = Release|Any CPU
		{34AA1EA9-246D-48A4-9D4E-92824CC1D6A8}.Release|Any CPU.Deploy.0 = Release|Any CPU
		{34AA1EA9-246D-48A4-9D4E-92824CC1D6A8}.Release|ARM.ActiveCfg = Release|Any CPU
		{34AA1EA9-246D-48A4-9D4E-92824CC1D6A8}.Release|ARM.Build.0 = Release|Any CPU
		{34AA1EA9-246D-48A4-9D4E-92824CC1D6A8}.Release|ARM.Deploy.0 = Release|Any CPU
		{34AA1EA9-246D-48A4-9D4E-92824CC1D6A8}.Release|ARM64.ActiveCfg = Release|Any CPU
		{34AA1EA9-246D-48A4-9D4E-92824CC1D6A8}.Release|ARM64.Build.0 = Release|Any CPU
		{34AA1EA9-246D-48A4-9D4E-92824CC1D6A8}.Release|ARM64.Deploy.0 = Release|Any CPU
		{34AA1EA9-246D-48A4-9D4E-92824CC1D6A8}.Release|iPhone.ActiveCfg = Release|Any CPU
		{34AA1EA9-246D-48A4-9D4E-92824CC1D6A8}.Release|iPhone.Build.0 = Release|Any CPU
		{34AA1EA9-246D-48A4-9D4E-92824CC1D6A8}.Release|iPhone.Deploy.0 = Release|Any CPU
		{34AA1EA9-246D-48A4-9D4E-92824CC1D6A8}.Release|iPhoneSimulator.ActiveCfg = Release|Any CPU
		{34AA1EA9-246D-48A4-9D4E-92824CC1D6A8}.Release|iPhoneSimulator.Build.0 = Release|Any CPU
		{34AA1EA9-246D-48A4-9D4E-92824CC1D6A8}.Release|iPhoneSimulator.Deploy.0 = Release|Any CPU
		{34AA1EA9-246D-48A4-9D4E-92824CC1D6A8}.Release|x64.ActiveCfg = Release|Any CPU
		{34AA1EA9-246D-48A4-9D4E-92824CC1D6A8}.Release|x64.Build.0 = Release|Any CPU
		{34AA1EA9-246D-48A4-9D4E-92824CC1D6A8}.Release|x64.Deploy.0 = Release|Any CPU
		{34AA1EA9-246D-48A4-9D4E-92824CC1D6A8}.Release|x86.ActiveCfg = Release|Any CPU
		{34AA1EA9-246D-48A4-9D4E-92824CC1D6A8}.Release|x86.Build.0 = Release|Any CPU
		{34AA1EA9-246D-48A4-9D4E-92824CC1D6A8}.Release|x86.Deploy.0 = Release|Any CPU
		{FC1A03D5-C4DA-4FA6-B93D-9E3CEFE7C0E8}.Ad-Hoc|Any CPU.ActiveCfg = Ad-Hoc|iPhone
		{FC1A03D5-C4DA-4FA6-B93D-9E3CEFE7C0E8}.Ad-Hoc|ARM.ActiveCfg = Ad-Hoc|iPhone
		{FC1A03D5-C4DA-4FA6-B93D-9E3CEFE7C0E8}.Ad-Hoc|ARM64.ActiveCfg = Ad-Hoc|iPhone
		{FC1A03D5-C4DA-4FA6-B93D-9E3CEFE7C0E8}.Ad-Hoc|iPhone.ActiveCfg = Ad-Hoc|iPhone
		{FC1A03D5-C4DA-4FA6-B93D-9E3CEFE7C0E8}.Ad-Hoc|iPhone.Build.0 = Ad-Hoc|iPhone
		{FC1A03D5-C4DA-4FA6-B93D-9E3CEFE7C0E8}.Ad-Hoc|iPhoneSimulator.ActiveCfg = Ad-Hoc|iPhoneSimulator
		{FC1A03D5-C4DA-4FA6-B93D-9E3CEFE7C0E8}.Ad-Hoc|iPhoneSimulator.Build.0 = Ad-Hoc|iPhoneSimulator
		{FC1A03D5-C4DA-4FA6-B93D-9E3CEFE7C0E8}.Ad-Hoc|x64.ActiveCfg = Ad-Hoc|iPhone
		{FC1A03D5-C4DA-4FA6-B93D-9E3CEFE7C0E8}.Ad-Hoc|x86.ActiveCfg = Ad-Hoc|iPhone
		{FC1A03D5-C4DA-4FA6-B93D-9E3CEFE7C0E8}.AppStore|Any CPU.ActiveCfg = AppStore|iPhone
		{FC1A03D5-C4DA-4FA6-B93D-9E3CEFE7C0E8}.AppStore|ARM.ActiveCfg = AppStore|iPhone
		{FC1A03D5-C4DA-4FA6-B93D-9E3CEFE7C0E8}.AppStore|ARM64.ActiveCfg = AppStore|iPhone
		{FC1A03D5-C4DA-4FA6-B93D-9E3CEFE7C0E8}.AppStore|iPhone.ActiveCfg = AppStore|iPhone
		{FC1A03D5-C4DA-4FA6-B93D-9E3CEFE7C0E8}.AppStore|iPhone.Build.0 = AppStore|iPhone
		{FC1A03D5-C4DA-4FA6-B93D-9E3CEFE7C0E8}.AppStore|iPhoneSimulator.ActiveCfg = AppStore|iPhoneSimulator
		{FC1A03D5-C4DA-4FA6-B93D-9E3CEFE7C0E8}.AppStore|iPhoneSimulator.Build.0 = AppStore|iPhoneSimulator
		{FC1A03D5-C4DA-4FA6-B93D-9E3CEFE7C0E8}.AppStore|x64.ActiveCfg = AppStore|iPhone
		{FC1A03D5-C4DA-4FA6-B93D-9E3CEFE7C0E8}.AppStore|x86.ActiveCfg = AppStore|iPhone
		{FC1A03D5-C4DA-4FA6-B93D-9E3CEFE7C0E8}.Debug|Any CPU.ActiveCfg = Debug|iPhone
		{FC1A03D5-C4DA-4FA6-B93D-9E3CEFE7C0E8}.Debug|ARM.ActiveCfg = Debug|iPhone
		{FC1A03D5-C4DA-4FA6-B93D-9E3CEFE7C0E8}.Debug|ARM64.ActiveCfg = Debug|iPhone
		{FC1A03D5-C4DA-4FA6-B93D-9E3CEFE7C0E8}.Debug|iPhone.ActiveCfg = Debug|iPhone
		{FC1A03D5-C4DA-4FA6-B93D-9E3CEFE7C0E8}.Debug|iPhone.Build.0 = Debug|iPhone
		{FC1A03D5-C4DA-4FA6-B93D-9E3CEFE7C0E8}.Debug|iPhoneSimulator.ActiveCfg = Debug|iPhoneSimulator
		{FC1A03D5-C4DA-4FA6-B93D-9E3CEFE7C0E8}.Debug|iPhoneSimulator.Build.0 = Debug|iPhoneSimulator
		{FC1A03D5-C4DA-4FA6-B93D-9E3CEFE7C0E8}.Debug|x64.ActiveCfg = Debug|iPhone
		{FC1A03D5-C4DA-4FA6-B93D-9E3CEFE7C0E8}.Debug|x86.ActiveCfg = Debug|iPhone
		{FC1A03D5-C4DA-4FA6-B93D-9E3CEFE7C0E8}.Release|Any CPU.ActiveCfg = Release|iPhone
		{FC1A03D5-C4DA-4FA6-B93D-9E3CEFE7C0E8}.Release|ARM.ActiveCfg = Release|iPhone
		{FC1A03D5-C4DA-4FA6-B93D-9E3CEFE7C0E8}.Release|ARM64.ActiveCfg = Release|iPhone
		{FC1A03D5-C4DA-4FA6-B93D-9E3CEFE7C0E8}.Release|iPhone.ActiveCfg = Release|iPhone
		{FC1A03D5-C4DA-4FA6-B93D-9E3CEFE7C0E8}.Release|iPhone.Build.0 = Release|iPhone
		{FC1A03D5-C4DA-4FA6-B93D-9E3CEFE7C0E8}.Release|iPhoneSimulator.ActiveCfg = Release|iPhoneSimulator
		{FC1A03D5-C4DA-4FA6-B93D-9E3CEFE7C0E8}.Release|iPhoneSimulator.Build.0 = Release|iPhoneSimulator
		{FC1A03D5-C4DA-4FA6-B93D-9E3CEFE7C0E8}.Release|x64.ActiveCfg = Release|iPhone
		{FC1A03D5-C4DA-4FA6-B93D-9E3CEFE7C0E8}.Release|x86.ActiveCfg = Release|iPhone
		{1A3272D8-9025-4534-9CC5-899293011204}.Ad-Hoc|Any CPU.ActiveCfg = Release|x64
		{1A3272D8-9025-4534-9CC5-899293011204}.Ad-Hoc|Any CPU.Build.0 = Release|x64
		{1A3272D8-9025-4534-9CC5-899293011204}.Ad-Hoc|Any CPU.Deploy.0 = Release|x64
		{1A3272D8-9025-4534-9CC5-899293011204}.Ad-Hoc|ARM.ActiveCfg = Release|ARM
		{1A3272D8-9025-4534-9CC5-899293011204}.Ad-Hoc|ARM.Build.0 = Release|ARM
		{1A3272D8-9025-4534-9CC5-899293011204}.Ad-Hoc|ARM.Deploy.0 = Release|ARM
		{1A3272D8-9025-4534-9CC5-899293011204}.Ad-Hoc|ARM64.ActiveCfg = Release|ARM64
		{1A3272D8-9025-4534-9CC5-899293011204}.Ad-Hoc|ARM64.Build.0 = Release|ARM64
		{1A3272D8-9025-4534-9CC5-899293011204}.Ad-Hoc|ARM64.Deploy.0 = Release|ARM64
		{1A3272D8-9025-4534-9CC5-899293011204}.Ad-Hoc|iPhone.ActiveCfg = Release|x64
		{1A3272D8-9025-4534-9CC5-899293011204}.Ad-Hoc|iPhone.Build.0 = Release|x64
		{1A3272D8-9025-4534-9CC5-899293011204}.Ad-Hoc|iPhone.Deploy.0 = Release|x64
		{1A3272D8-9025-4534-9CC5-899293011204}.Ad-Hoc|iPhoneSimulator.ActiveCfg = Release|x64
		{1A3272D8-9025-4534-9CC5-899293011204}.Ad-Hoc|iPhoneSimulator.Build.0 = Release|x64
		{1A3272D8-9025-4534-9CC5-899293011204}.Ad-Hoc|iPhoneSimulator.Deploy.0 = Release|x64
		{1A3272D8-9025-4534-9CC5-899293011204}.Ad-Hoc|x64.ActiveCfg = Release|x64
		{1A3272D8-9025-4534-9CC5-899293011204}.Ad-Hoc|x64.Build.0 = Release|x64
		{1A3272D8-9025-4534-9CC5-899293011204}.Ad-Hoc|x64.Deploy.0 = Release|x64
		{1A3272D8-9025-4534-9CC5-899293011204}.Ad-Hoc|x86.ActiveCfg = Release|x86
		{1A3272D8-9025-4534-9CC5-899293011204}.Ad-Hoc|x86.Build.0 = Release|x86
		{1A3272D8-9025-4534-9CC5-899293011204}.Ad-Hoc|x86.Deploy.0 = Release|x86
		{1A3272D8-9025-4534-9CC5-899293011204}.AppStore|Any CPU.ActiveCfg = Release|x64
		{1A3272D8-9025-4534-9CC5-899293011204}.AppStore|Any CPU.Build.0 = Release|x64
		{1A3272D8-9025-4534-9CC5-899293011204}.AppStore|Any CPU.Deploy.0 = Release|x64
		{1A3272D8-9025-4534-9CC5-899293011204}.AppStore|ARM.ActiveCfg = Release|ARM
		{1A3272D8-9025-4534-9CC5-899293011204}.AppStore|ARM.Build.0 = Release|ARM
		{1A3272D8-9025-4534-9CC5-899293011204}.AppStore|ARM.Deploy.0 = Release|ARM
		{1A3272D8-9025-4534-9CC5-899293011204}.AppStore|ARM64.ActiveCfg = Release|ARM64
		{1A3272D8-9025-4534-9CC5-899293011204}.AppStore|ARM64.Build.0 = Release|ARM64
		{1A3272D8-9025-4534-9CC5-899293011204}.AppStore|ARM64.Deploy.0 = Release|ARM64
		{1A3272D8-9025-4534-9CC5-899293011204}.AppStore|iPhone.ActiveCfg = Release|x64
		{1A3272D8-9025-4534-9CC5-899293011204}.AppStore|iPhone.Build.0 = Release|x64
		{1A3272D8-9025-4534-9CC5-899293011204}.AppStore|iPhone.Deploy.0 = Release|x64
		{1A3272D8-9025-4534-9CC5-899293011204}.AppStore|iPhoneSimulator.ActiveCfg = Release|x64
		{1A3272D8-9025-4534-9CC5-899293011204}.AppStore|iPhoneSimulator.Build.0 = Release|x64
		{1A3272D8-9025-4534-9CC5-899293011204}.AppStore|iPhoneSimulator.Deploy.0 = Release|x64
		{1A3272D8-9025-4534-9CC5-899293011204}.AppStore|x64.ActiveCfg = Release|x64
		{1A3272D8-9025-4534-9CC5-899293011204}.AppStore|x64.Build.0 = Release|x64
		{1A3272D8-9025-4534-9CC5-899293011204}.AppStore|x64.Deploy.0 = Release|x64
		{1A3272D8-9025-4534-9CC5-899293011204}.AppStore|x86.ActiveCfg = Release|x86
		{1A3272D8-9025-4534-9CC5-899293011204}.AppStore|x86.Build.0 = Release|x86
		{1A3272D8-9025-4534-9CC5-899293011204}.AppStore|x86.Deploy.0 = Release|x86
		{1A3272D8-9025-4534-9CC5-899293011204}.Debug|Any CPU.ActiveCfg = Debug|x86
		{1A3272D8-9025-4534-9CC5-899293011204}.Debug|Any CPU.Build.0 = Debug|x86
		{1A3272D8-9025-4534-9CC5-899293011204}.Debug|Any CPU.Deploy.0 = Debug|x86
		{1A3272D8-9025-4534-9CC5-899293011204}.Debug|ARM.ActiveCfg = Debug|ARM
		{1A3272D8-9025-4534-9CC5-899293011204}.Debug|ARM.Build.0 = Debug|ARM
		{1A3272D8-9025-4534-9CC5-899293011204}.Debug|ARM.Deploy.0 = Debug|ARM
		{1A3272D8-9025-4534-9CC5-899293011204}.Debug|ARM64.ActiveCfg = Debug|ARM64
		{1A3272D8-9025-4534-9CC5-899293011204}.Debug|ARM64.Build.0 = Debug|ARM64
		{1A3272D8-9025-4534-9CC5-899293011204}.Debug|ARM64.Deploy.0 = Debug|ARM64
		{1A3272D8-9025-4534-9CC5-899293011204}.Debug|iPhone.ActiveCfg = Debug|x86
		{1A3272D8-9025-4534-9CC5-899293011204}.Debug|iPhoneSimulator.ActiveCfg = Debug|x86
		{1A3272D8-9025-4534-9CC5-899293011204}.Debug|x64.ActiveCfg = Debug|x64
		{1A3272D8-9025-4534-9CC5-899293011204}.Debug|x64.Build.0 = Debug|x64
		{1A3272D8-9025-4534-9CC5-899293011204}.Debug|x64.Deploy.0 = Debug|x64
		{1A3272D8-9025-4534-9CC5-899293011204}.Debug|x86.ActiveCfg = Debug|x86
		{1A3272D8-9025-4534-9CC5-899293011204}.Debug|x86.Build.0 = Debug|x86
		{1A3272D8-9025-4534-9CC5-899293011204}.Debug|x86.Deploy.0 = Debug|x86
		{1A3272D8-9025-4534-9CC5-899293011204}.Release|Any CPU.ActiveCfg = Release|x86
		{1A3272D8-9025-4534-9CC5-899293011204}.Release|ARM.ActiveCfg = Release|ARM
		{1A3272D8-9025-4534-9CC5-899293011204}.Release|ARM.Build.0 = Release|ARM
		{1A3272D8-9025-4534-9CC5-899293011204}.Release|ARM.Deploy.0 = Release|ARM
		{1A3272D8-9025-4534-9CC5-899293011204}.Release|ARM64.ActiveCfg = Release|ARM64
		{1A3272D8-9025-4534-9CC5-899293011204}.Release|ARM64.Build.0 = Release|ARM64
		{1A3272D8-9025-4534-9CC5-899293011204}.Release|ARM64.Deploy.0 = Release|ARM64
		{1A3272D8-9025-4534-9CC5-899293011204}.Release|iPhone.ActiveCfg = Release|x86
		{1A3272D8-9025-4534-9CC5-899293011204}.Release|iPhoneSimulator.ActiveCfg = Release|x86
		{1A3272D8-9025-4534-9CC5-899293011204}.Release|x64.ActiveCfg = Release|x64
		{1A3272D8-9025-4534-9CC5-899293011204}.Release|x64.Build.0 = Release|x64
		{1A3272D8-9025-4534-9CC5-899293011204}.Release|x64.Deploy.0 = Release|x64
		{1A3272D8-9025-4534-9CC5-899293011204}.Release|x86.ActiveCfg = Release|x86
		{1A3272D8-9025-4534-9CC5-899293011204}.Release|x86.Build.0 = Release|x86
		{1A3272D8-9025-4534-9CC5-899293011204}.Release|x86.Deploy.0 = Release|x86
		{B13D22C9-DFF7-48A8-AAA7-7D8D67867705}.Ad-Hoc|Any CPU.ActiveCfg = Debug|Any CPU
		{B13D22C9-DFF7-48A8-AAA7-7D8D67867705}.Ad-Hoc|Any CPU.Build.0 = Debug|Any CPU
		{B13D22C9-DFF7-48A8-AAA7-7D8D67867705}.Ad-Hoc|ARM.ActiveCfg = Debug|Any CPU
		{B13D22C9-DFF7-48A8-AAA7-7D8D67867705}.Ad-Hoc|ARM.Build.0 = Debug|Any CPU
		{B13D22C9-DFF7-48A8-AAA7-7D8D67867705}.Ad-Hoc|ARM64.ActiveCfg = Debug|Any CPU
		{B13D22C9-DFF7-48A8-AAA7-7D8D67867705}.Ad-Hoc|ARM64.Build.0 = Debug|Any CPU
		{B13D22C9-DFF7-48A8-AAA7-7D8D67867705}.Ad-Hoc|iPhone.ActiveCfg = Debug|Any CPU
		{B13D22C9-DFF7-48A8-AAA7-7D8D67867705}.Ad-Hoc|iPhone.Build.0 = Debug|Any CPU
		{B13D22C9-DFF7-48A8-AAA7-7D8D67867705}.Ad-Hoc|iPhoneSimulator.ActiveCfg = Debug|Any CPU
		{B13D22C9-DFF7-48A8-AAA7-7D8D67867705}.Ad-Hoc|iPhoneSimulator.Build.0 = Debug|Any CPU
		{B13D22C9-DFF7-48A8-AAA7-7D8D67867705}.Ad-Hoc|x64.ActiveCfg = Debug|Any CPU
		{B13D22C9-DFF7-48A8-AAA7-7D8D67867705}.Ad-Hoc|x64.Build.0 = Debug|Any CPU
		{B13D22C9-DFF7-48A8-AAA7-7D8D67867705}.Ad-Hoc|x86.ActiveCfg = Debug|Any CPU
		{B13D22C9-DFF7-48A8-AAA7-7D8D67867705}.Ad-Hoc|x86.Build.0 = Debug|Any CPU
		{B13D22C9-DFF7-48A8-AAA7-7D8D67867705}.AppStore|Any CPU.ActiveCfg = Debug|Any CPU
		{B13D22C9-DFF7-48A8-AAA7-7D8D67867705}.AppStore|Any CPU.Build.0 = Debug|Any CPU
		{B13D22C9-DFF7-48A8-AAA7-7D8D67867705}.AppStore|ARM.ActiveCfg = Debug|Any CPU
		{B13D22C9-DFF7-48A8-AAA7-7D8D67867705}.AppStore|ARM.Build.0 = Debug|Any CPU
		{B13D22C9-DFF7-48A8-AAA7-7D8D67867705}.AppStore|ARM64.ActiveCfg = Debug|Any CPU
		{B13D22C9-DFF7-48A8-AAA7-7D8D67867705}.AppStore|ARM64.Build.0 = Debug|Any CPU
		{B13D22C9-DFF7-48A8-AAA7-7D8D67867705}.AppStore|iPhone.ActiveCfg = Debug|Any CPU
		{B13D22C9-DFF7-48A8-AAA7-7D8D67867705}.AppStore|iPhone.Build.0 = Debug|Any CPU
		{B13D22C9-DFF7-48A8-AAA7-7D8D67867705}.AppStore|iPhoneSimulator.ActiveCfg = Debug|Any CPU
		{B13D22C9-DFF7-48A8-AAA7-7D8D67867705}.AppStore|iPhoneSimulator.Build.0 = Debug|Any CPU
		{B13D22C9-DFF7-48A8-AAA7-7D8D67867705}.AppStore|x64.ActiveCfg = Debug|Any CPU
		{B13D22C9-DFF7-48A8-AAA7-7D8D67867705}.AppStore|x64.Build.0 = Debug|Any CPU
		{B13D22C9-DFF7-48A8-AAA7-7D8D67867705}.AppStore|x86.ActiveCfg = Debug|Any CPU
		{B13D22C9-DFF7-48A8-AAA7-7D8D67867705}.AppStore|x86.Build.0 = Debug|Any CPU
		{B13D22C9-DFF7-48A8-AAA7-7D8D67867705}.Debug|Any CPU.ActiveCfg = Debug|Any CPU
		{B13D22C9-DFF7-48A8-AAA7-7D8D67867705}.Debug|Any CPU.Build.0 = Debug|Any CPU
		{B13D22C9-DFF7-48A8-AAA7-7D8D67867705}.Debug|ARM.ActiveCfg = Debug|Any CPU
		{B13D22C9-DFF7-48A8-AAA7-7D8D67867705}.Debug|ARM.Build.0 = Debug|Any CPU
		{B13D22C9-DFF7-48A8-AAA7-7D8D67867705}.Debug|ARM64.ActiveCfg = Debug|Any CPU
		{B13D22C9-DFF7-48A8-AAA7-7D8D67867705}.Debug|ARM64.Build.0 = Debug|Any CPU
		{B13D22C9-DFF7-48A8-AAA7-7D8D67867705}.Debug|iPhone.ActiveCfg = Debug|Any CPU
		{B13D22C9-DFF7-48A8-AAA7-7D8D67867705}.Debug|iPhone.Build.0 = Debug|Any CPU
		{B13D22C9-DFF7-48A8-AAA7-7D8D67867705}.Debug|iPhoneSimulator.ActiveCfg = Debug|Any CPU
		{B13D22C9-DFF7-48A8-AAA7-7D8D67867705}.Debug|iPhoneSimulator.Build.0 = Debug|Any CPU
		{B13D22C9-DFF7-48A8-AAA7-7D8D67867705}.Debug|x64.ActiveCfg = Debug|Any CPU
		{B13D22C9-DFF7-48A8-AAA7-7D8D67867705}.Debug|x64.Build.0 = Debug|Any CPU
		{B13D22C9-DFF7-48A8-AAA7-7D8D67867705}.Debug|x86.ActiveCfg = Debug|Any CPU
		{B13D22C9-DFF7-48A8-AAA7-7D8D67867705}.Debug|x86.Build.0 = Debug|Any CPU
		{B13D22C9-DFF7-48A8-AAA7-7D8D67867705}.Release|Any CPU.ActiveCfg = Release|Any CPU
		{B13D22C9-DFF7-48A8-AAA7-7D8D67867705}.Release|Any CPU.Build.0 = Release|Any CPU
		{B13D22C9-DFF7-48A8-AAA7-7D8D67867705}.Release|ARM.ActiveCfg = Release|Any CPU
		{B13D22C9-DFF7-48A8-AAA7-7D8D67867705}.Release|ARM.Build.0 = Release|Any CPU
		{B13D22C9-DFF7-48A8-AAA7-7D8D67867705}.Release|ARM64.ActiveCfg = Release|Any CPU
		{B13D22C9-DFF7-48A8-AAA7-7D8D67867705}.Release|ARM64.Build.0 = Release|Any CPU
		{B13D22C9-DFF7-48A8-AAA7-7D8D67867705}.Release|iPhone.ActiveCfg = Release|Any CPU
		{B13D22C9-DFF7-48A8-AAA7-7D8D67867705}.Release|iPhone.Build.0 = Release|Any CPU
		{B13D22C9-DFF7-48A8-AAA7-7D8D67867705}.Release|iPhoneSimulator.ActiveCfg = Release|Any CPU
		{B13D22C9-DFF7-48A8-AAA7-7D8D67867705}.Release|iPhoneSimulator.Build.0 = Release|Any CPU
		{B13D22C9-DFF7-48A8-AAA7-7D8D67867705}.Release|x64.ActiveCfg = Release|Any CPU
		{B13D22C9-DFF7-48A8-AAA7-7D8D67867705}.Release|x64.Build.0 = Release|Any CPU
		{B13D22C9-DFF7-48A8-AAA7-7D8D67867705}.Release|x86.ActiveCfg = Release|Any CPU
		{B13D22C9-DFF7-48A8-AAA7-7D8D67867705}.Release|x86.Build.0 = Release|Any CPU
		{20FD4DDC-EDC5-489B-A2EE-B417FAF957A7}.Ad-Hoc|Any CPU.ActiveCfg = Release|iPhoneSimulator
		{20FD4DDC-EDC5-489B-A2EE-B417FAF957A7}.Ad-Hoc|Any CPU.Build.0 = Release|iPhoneSimulator
		{20FD4DDC-EDC5-489B-A2EE-B417FAF957A7}.Ad-Hoc|ARM.ActiveCfg = Release|iPhoneSimulator
		{20FD4DDC-EDC5-489B-A2EE-B417FAF957A7}.Ad-Hoc|ARM.Build.0 = Release|iPhoneSimulator
		{20FD4DDC-EDC5-489B-A2EE-B417FAF957A7}.Ad-Hoc|ARM64.ActiveCfg = Release|iPhoneSimulator
		{20FD4DDC-EDC5-489B-A2EE-B417FAF957A7}.Ad-Hoc|ARM64.Build.0 = Release|iPhoneSimulator
		{20FD4DDC-EDC5-489B-A2EE-B417FAF957A7}.Ad-Hoc|iPhone.ActiveCfg = Release|iPhoneSimulator
		{20FD4DDC-EDC5-489B-A2EE-B417FAF957A7}.Ad-Hoc|iPhone.Build.0 = Release|iPhoneSimulator
		{20FD4DDC-EDC5-489B-A2EE-B417FAF957A7}.Ad-Hoc|iPhoneSimulator.ActiveCfg = Release|iPhoneSimulator
		{20FD4DDC-EDC5-489B-A2EE-B417FAF957A7}.Ad-Hoc|iPhoneSimulator.Build.0 = Release|iPhoneSimulator
		{20FD4DDC-EDC5-489B-A2EE-B417FAF957A7}.Ad-Hoc|x64.ActiveCfg = Release|iPhoneSimulator
		{20FD4DDC-EDC5-489B-A2EE-B417FAF957A7}.Ad-Hoc|x64.Build.0 = Release|iPhoneSimulator
		{20FD4DDC-EDC5-489B-A2EE-B417FAF957A7}.Ad-Hoc|x86.ActiveCfg = Release|iPhoneSimulator
		{20FD4DDC-EDC5-489B-A2EE-B417FAF957A7}.Ad-Hoc|x86.Build.0 = Release|iPhoneSimulator
		{20FD4DDC-EDC5-489B-A2EE-B417FAF957A7}.AppStore|Any CPU.ActiveCfg = Release|iPhoneSimulator
		{20FD4DDC-EDC5-489B-A2EE-B417FAF957A7}.AppStore|Any CPU.Build.0 = Release|iPhoneSimulator
		{20FD4DDC-EDC5-489B-A2EE-B417FAF957A7}.AppStore|ARM.ActiveCfg = Release|iPhoneSimulator
		{20FD4DDC-EDC5-489B-A2EE-B417FAF957A7}.AppStore|ARM.Build.0 = Release|iPhoneSimulator
		{20FD4DDC-EDC5-489B-A2EE-B417FAF957A7}.AppStore|ARM64.ActiveCfg = Release|iPhoneSimulator
		{20FD4DDC-EDC5-489B-A2EE-B417FAF957A7}.AppStore|ARM64.Build.0 = Release|iPhoneSimulator
		{20FD4DDC-EDC5-489B-A2EE-B417FAF957A7}.AppStore|iPhone.ActiveCfg = Release|iPhoneSimulator
		{20FD4DDC-EDC5-489B-A2EE-B417FAF957A7}.AppStore|iPhone.Build.0 = Release|iPhoneSimulator
		{20FD4DDC-EDC5-489B-A2EE-B417FAF957A7}.AppStore|iPhoneSimulator.ActiveCfg = Release|iPhoneSimulator
		{20FD4DDC-EDC5-489B-A2EE-B417FAF957A7}.AppStore|iPhoneSimulator.Build.0 = Release|iPhoneSimulator
		{20FD4DDC-EDC5-489B-A2EE-B417FAF957A7}.AppStore|x64.ActiveCfg = Release|iPhoneSimulator
		{20FD4DDC-EDC5-489B-A2EE-B417FAF957A7}.AppStore|x64.Build.0 = Release|iPhoneSimulator
		{20FD4DDC-EDC5-489B-A2EE-B417FAF957A7}.AppStore|x86.ActiveCfg = Release|iPhoneSimulator
		{20FD4DDC-EDC5-489B-A2EE-B417FAF957A7}.AppStore|x86.Build.0 = Release|iPhoneSimulator
		{20FD4DDC-EDC5-489B-A2EE-B417FAF957A7}.Debug|Any CPU.ActiveCfg = Debug|iPhoneSimulator
		{20FD4DDC-EDC5-489B-A2EE-B417FAF957A7}.Debug|ARM.ActiveCfg = Debug|iPhoneSimulator
		{20FD4DDC-EDC5-489B-A2EE-B417FAF957A7}.Debug|ARM64.ActiveCfg = Debug|iPhoneSimulator
		{20FD4DDC-EDC5-489B-A2EE-B417FAF957A7}.Debug|iPhone.ActiveCfg = Debug|iPhoneSimulator
		{20FD4DDC-EDC5-489B-A2EE-B417FAF957A7}.Debug|iPhoneSimulator.ActiveCfg = Debug|iPhoneSimulator
		{20FD4DDC-EDC5-489B-A2EE-B417FAF957A7}.Debug|iPhoneSimulator.Build.0 = Debug|iPhoneSimulator
		{20FD4DDC-EDC5-489B-A2EE-B417FAF957A7}.Debug|x64.ActiveCfg = Debug|iPhoneSimulator
		{20FD4DDC-EDC5-489B-A2EE-B417FAF957A7}.Debug|x86.ActiveCfg = Debug|iPhoneSimulator
		{20FD4DDC-EDC5-489B-A2EE-B417FAF957A7}.Release|Any CPU.ActiveCfg = Release|iPhoneSimulator
		{20FD4DDC-EDC5-489B-A2EE-B417FAF957A7}.Release|ARM.ActiveCfg = Release|iPhoneSimulator
		{20FD4DDC-EDC5-489B-A2EE-B417FAF957A7}.Release|ARM64.ActiveCfg = Release|iPhoneSimulator
		{20FD4DDC-EDC5-489B-A2EE-B417FAF957A7}.Release|iPhone.ActiveCfg = Release|iPhoneSimulator
		{20FD4DDC-EDC5-489B-A2EE-B417FAF957A7}.Release|iPhoneSimulator.ActiveCfg = Release|iPhoneSimulator
		{20FD4DDC-EDC5-489B-A2EE-B417FAF957A7}.Release|iPhoneSimulator.Build.0 = Release|iPhoneSimulator
		{20FD4DDC-EDC5-489B-A2EE-B417FAF957A7}.Release|x64.ActiveCfg = Release|iPhoneSimulator
		{20FD4DDC-EDC5-489B-A2EE-B417FAF957A7}.Release|x86.ActiveCfg = Release|iPhoneSimulator
	EndGlobalSection
	GlobalSection(SolutionProperties) = preSolution
		HideSolutionNode = FALSE
	EndGlobalSection
	GlobalSection(ExtensibilityGlobals) = postSolution
		SolutionGuid = {A14DF2BD-3966-4DA4-B997-016B16D6FA58}
	EndGlobalSection
EndGlobal
